
Microsoft Visual Studio Solution File, Format Version 12.00
# Visual Studio Version 16
VisualStudioVersion = 16.0.30114.105
MinimumVisualStudioVersion = 10.0.40219.1
Project("{9A19103F-16F7-4668-BE54-9A1E7A4F7556}") = "MessageQueueApplication", "MessageQueueApplication\MessageQueueApplication.csproj", "{2B61BCDE-B3C7-4406-907C-DD88D84A0BB2}"
EndProject
Project("{FAE04EC0-301F-11D3-BF4B-00C04F79EFBC}") = "MQARun", "..\..\..\tests\MQARun\MQARun.csproj", "{89635B11-85F6-466C-824B-7A623BFD4170}"
EndProject
Global
	GlobalSection(SolutionConfigurationPlatforms) = preSolution
		Debug|Any CPU = Debug|Any CPU
		Release|Any CPU = Release|Any CPU
	EndGlobalSection
	GlobalSection(ProjectConfigurationPlatforms) = postSolution
		{2B61BCDE-B3C7-4406-907C-DD88D84A0BB2}.Debug|Any CPU.ActiveCfg = Debug|Any CPU
		{2B61BCDE-B3C7-4406-907C-DD88D84A0BB2}.Debug|Any CPU.Build.0 = Debug|Any CPU
		{2B61BCDE-B3C7-4406-907C-DD88D84A0BB2}.Release|Any CPU.ActiveCfg = Release|Any CPU
		{2B61BCDE-B3C7-4406-907C-DD88D84A0BB2}.Release|Any CPU.Build.0 = Release|Any CPU
		{89635B11-85F6-466C-824B-7A623BFD4170}.Debug|Any CPU.ActiveCfg = Debug|Any CPU
		{89635B11-85F6-466C-824B-7A623BFD4170}.Debug|Any CPU.Build.0 = Debug|Any CPU
		{89635B11-85F6-466C-824B-7A623BFD4170}.Release|Any CPU.ActiveCfg = Release|Any CPU
		{89635B11-85F6-466C-824B-7A623BFD4170}.Release|Any CPU.Build.0 = Release|Any CPU
	EndGlobalSection
	GlobalSection(SolutionProperties) = preSolution
		HideSolutionNode = FALSE
	EndGlobalSection
	GlobalSection(ExtensibilityGlobals) = postSolution
		SolutionGuid = {329D0343-3D0B-4E50-A867-DFA956AE7FC6}
	EndGlobalSection
EndGlobal
